{
  "version": 4,
  "terraform_version": "1.6.4",
  "serial": 31,
  "lineage": "9bfff5b4-ac3d-7c1e-4836-830743266ce4",
  "outputs": {},
  "resources": [
    {
      "mode": "managed",
      "type": "local_file",
      "name": "My_pet",
      "provider": "provider[\"registry.terraform.io/hashicorp/local\"]",
      "instances": [
        {
          "schema_version": 0,
          "attributes": {
            "content": "I Hate zebra",
            "content_base64": null,
            "content_base64sha256": "Y64yRMCTvn7kazinF16N7kyLD67pGlgXf3EX6vWtAhg=",
            "content_base64sha512": "olAxb/BTEQrKEO3AcIMlqjkjPU3WHYH0rQl5mWxLl064WikT7eX2sRs7iYtKydsCsXXJEFJWt7+drxMhkxlzHQ==",
            "content_md5": "308f99032d88cc99a34fa2a2ddf1635c",
            "content_sha1": "c227c70d2c10adc45e749ce07dca439e3e668f40",
            "content_sha256": "63ae3244c093be7ee46b38a7175e8dee4c8b0faee91a58177f7117eaf5ad0218",
            "content_sha512": "a250316ff053110aca10edc0708325aa39233d4dd61d81f4ad0979996c4b974eb85a2913ede5f6b11b3b898b4ac9db02b175c9105256b7bf9daf13219319731d",
            "directory_permission": "0777",
            "file_permission": "0777",
            "filename": "Mypet",
            "id": "c227c70d2c10adc45e749ce07dca439e3e668f40",
            "sensitive_content": null,
            "source": null
          },
          "sensitive_attributes": []
        }
      ]
    },
    {
      "mode": "managed",
      "type": "random_pet",
      "name": "My_pet",
      "provider": "provider[\"registry.terraform.io/hashicorp/random\"]",
      "instances": [
        {
          "schema_version": 0,
          "attributes": {
            "id": "MR.zebra",
            "keepers": null,
            "length": 1,
            "prefix": "MR",
            "separator": "."
          },
          "sensitive_attributes": []
        }
      ]
    }
  ],
  "check_results": null
}
